
Microsoft Visual Studio Solution File, Format Version 12.00
# Visual Studio 15
VisualStudioVersion = 15.0.28307.168
MinimumVisualStudioVersion = 10.0.40219.1
Project("{FAE04EC0-301F-11D3-BF4B-00C04F79EFBC}") = "ImageUDPServer", "ImageUDPServer\ImageUDPServer.csproj", "{8F89ADF2-6454-4C72-BCE7-88AE5043FF0F}"
EndProject
Global
	GlobalSection(SolutionConfigurationPlatforms) = preSolution
		Debug|Any CPU = Debug|Any CPU
		Release|Any CPU = Release|Any CPU
	EndGlobalSection
	GlobalSection(ProjectConfigurationPlatforms) = postSolution
		{8F89ADF2-6454-4C72-BCE7-88AE5043FF0F}.Debug|Any CPU.ActiveCfg = Debug|Any CPU
		{8F89ADF2-6454-4C72-BCE7-88AE5043FF0F}.Debug|Any CPU.Build.0 = Debug|Any CPU
		{8F89ADF2-6454-4C72-BCE7-88AE5043FF0F}.Release|Any CPU.ActiveCfg = Release|Any CPU
		{8F89ADF2-6454-4C72-BCE7-88AE5043FF0F}.Release|Any CPU.Build.0 = Release|Any CPU
	EndGlobalSection
	GlobalSection(SolutionProperties) = preSolution
		HideSolutionNode = FALSE
	EndGlobalSection
	GlobalSection(ExtensibilityGlobals) = postSolution
		SolutionGuid = {F76312B9-3045-44E1-B721-BF671DFAC689}
	EndGlobalSection
EndGlobal
